
Microsoft Visual Studio Solution File, Format Version 12.00
# Visual Studio Version 17
VisualStudioVersion = 17.7.34031.279
MinimumVisualStudioVersion = 10.0.40219.1
Project("{FAE04EC0-301F-11D3-BF4B-00C04F79EFBC}") = "MiniProcurement", "MiniProcurement\MiniProcurement.csproj", "{98412037-7F47-4876-84AD-021AAA2F1B79}"
EndProject
Global
	GlobalSection(SolutionConfigurationPlatforms) = preSolution
		Debug|Any CPU = Debug|Any CPU
		Release|Any CPU = Release|Any CPU
	EndGlobalSection
	GlobalSection(ProjectConfigurationPlatforms) = postSolution
		{98412037-7F47-4876-84AD-021AAA2F1B79}.Debug|Any CPU.ActiveCfg = Debug|Any CPU
		{98412037-7F47-4876-84AD-021AAA2F1B79}.Debug|Any CPU.Build.0 = Debug|Any CPU
		{98412037-7F47-4876-84AD-021AAA2F1B79}.Release|Any CPU.ActiveCfg = Release|Any CPU
		{98412037-7F47-4876-84AD-021AAA2F1B79}.Release|Any CPU.Build.0 = Release|Any CPU
	EndGlobalSection
	GlobalSection(SolutionProperties) = preSolution
		HideSolutionNode = FALSE
	EndGlobalSection
	GlobalSection(ExtensibilityGlobals) = postSolution
		SolutionGuid = {66CF7B3C-42A3-4C1E-927E-FC908DC8211E}
	EndGlobalSection
EndGlobal
